{
    "name": "ore-ui-types",
    "version": "1.3.1",
    "lockfileVersion": 3,
    "requires": true,
    "packages": {
        "": {
            "name": "ore-ui-types",
            "version": "1.3.1",
            "license": "MIT",
            "dependencies": {
                "@ore-ui-types/enums": "^1.4.0"
            }
        },
        "node_modules/@ore-ui-types/enums": {
            "version": "1.4.0",
            "resolved": "https://registry.npmjs.org/@ore-ui-types/enums/-/enums-1.4.0.tgz",
            "integrity": "sha512-7MRWurBEaXkKeahcQMPmelQVYwOPsyTBlvtWJwb+IiDC53jleBTl1sexKTR9WqQV+k+8r2s8wyrbsnIwl/J7kA==",
            "license": "MIT"
        }
    }
}
