{
    "name": "ore-ui-types",
    "version": "1.0.1",
    "lockfileVersion": 3,
    "requires": true,
    "packages": {
        "": {
            "name": "ore-ui-types",
            "version": "1.0.1",
            "license": "MIT",
            "dependencies": {
                "@ore-ui-types/enums": "^1.0.0"
            }
        },
        "node_modules/@ore-ui-types/enums": {
            "version": "1.0.0",
            "resolved": "https://registry.npmjs.org/@ore-ui-types/enums/-/enums-1.0.0.tgz",
            "integrity": "sha512-5J7cTHymBv/GT31er3pHNy+A2jk5il3tu+A+gaXYp3ZZg17DQ9kIqV97bqsHVoJ7Ww/KRNBwzRiQWR8xhiFYYQ==",
            "license": "MIT"
        }
    }
}
