{
    "name": "ore-ui-types",
    "version": "1.5.0",
    "lockfileVersion": 3,
    "requires": true,
    "packages": {
        "": {
            "name": "ore-ui-types",
            "version": "1.5.0",
            "license": "MIT",
            "dependencies": {
                "@ore-ui-types/enums": "^1.5.1"
            }
        },
        "node_modules/@ore-ui-types/enums": {
            "version": "1.5.1",
            "resolved": "https://registry.npmjs.org/@ore-ui-types/enums/-/enums-1.5.1.tgz",
            "integrity": "sha512-HzW8rvL0DP6mslr8oOZxApM0B6Y/PTZjWmHtOu0QpjTEfNlRo/LnHgKZAPgbMZrbgjSI32vt8x0Y/rDz3UJVhw==",
            "license": "MIT"
        }
    }
}
